{
  "name": "Prototype2",
  "version": "1.0.0",
  "lockfileVersion": 1,
  "requires": true,
  "dependencies": {
    "@animxyz/core": {
      "version": "0.4.0",
      "resolved": "https://registry.npmjs.org/@animxyz/core/-/core-0.4.0.tgz",
      "integrity": "sha512-Q4B5y/T+hjutRMmpMjXS+t5UkAapUZdFxfYEMY/IEGlLLEl/23pO8Z+bmQdB425zRDJYptlXrP04JAz3X8axEQ=="
    },
    "lax.js": {
      "version": "2.0.3",
      "resolved": "https://registry.npmjs.org/lax.js/-/lax.js-2.0.3.tgz",
      "integrity": "sha512-q2q0jVRwruvFdQZeeE3OwIszRIkey6CItPmB+BcTUFPgHd2R8LI+bntAI7d2GJEjheu79mzQ++MROkODuZoXlA=="
    },
    "rellax": {
      "version": "1.12.1",
      "resolved": "https://registry.npmjs.org/rellax/-/rellax-1.12.1.tgz",
      "integrity": "sha512-XBIi0CDpW5FLTujYjYBn1CIbK2CJL6TsAg/w409KghP2LucjjzBjsujXDAjyBLWgsfupfUcL5WzdnIPcGfK7XA=="
    }
  }
}
